
Microsoft Visual Studio Solution File, Format Version 12.00
# Visual Studio Version 17
VisualStudioVersion = 17.13.35931.197 d17.13
MinimumVisualStudioVersion = 10.0.40219.1
Project("{FAE04EC0-301F-11D3-BF4B-00C04F79EFBC}") = "Todo.Core", "Todo.Core\Todo.Core.csproj", "{866A93D2-DF70-4D0B-92F2-F8A196E62BAB}"
EndProject
Project("{FAE04EC0-301F-11D3-BF4B-00C04F79EFBC}") = "Todo.Core.Tests", "Todo.Core.Tests\Todo.Core.Tests.csproj", "{D281F333-6871-414A-80F8-8FF5E1A2900C}"
EndProject
Global
	GlobalSection(SolutionConfigurationPlatforms) = preSolution
		Debug|Any CPU = Debug|Any CPU
		Release|Any CPU = Release|Any CPU
	EndGlobalSection
	GlobalSection(ProjectConfigurationPlatforms) = postSolution
		{866A93D2-DF70-4D0B-92F2-F8A196E62BAB}.Debug|Any CPU.ActiveCfg = Debug|Any CPU
		{866A93D2-DF70-4D0B-92F2-F8A196E62BAB}.Debug|Any CPU.Build.0 = Debug|Any CPU
		{866A93D2-DF70-4D0B-92F2-F8A196E62BAB}.Release|Any CPU.ActiveCfg = Release|Any CPU
		{866A93D2-DF70-4D0B-92F2-F8A196E62BAB}.Release|Any CPU.Build.0 = Release|Any CPU
		{D281F333-6871-414A-80F8-8FF5E1A2900C}.Debug|Any CPU.ActiveCfg = Debug|Any CPU
		{D281F333-6871-414A-80F8-8FF5E1A2900C}.Debug|Any CPU.Build.0 = Debug|Any CPU
		{D281F333-6871-414A-80F8-8FF5E1A2900C}.Release|Any CPU.ActiveCfg = Release|Any CPU
		{D281F333-6871-414A-80F8-8FF5E1A2900C}.Release|Any CPU.Build.0 = Release|Any CPU
	EndGlobalSection
	GlobalSection(SolutionProperties) = preSolution
		HideSolutionNode = FALSE
	EndGlobalSection
	GlobalSection(ExtensibilityGlobals) = postSolution
		SolutionGuid = {4949D191-B30B-4DEE-BB40-1DE775A14B91}
	EndGlobalSection
EndGlobal
